// !$*UTF8*$!
{
	archiveVersion = 1;
	classes = {
	};
	objectVersion = 56;
	objects = {

/* Begin PBXBuildFile section */
		971349042A7BE0C1005CC3FB /* Notes_Demo__iOSConfSG_App.swift in Sources */ = {isa = PBXBuildFile; fileRef = 971349032A7BE0C1005CC3FB /* Notes_Demo__iOSConfSG_App.swift */; };
		971349062A7BE0C1005CC3FB /* ContentView.swift in Sources */ = {isa = PBXBuildFile; fileRef = 971349052A7BE0C1005CC3FB /* ContentView.swift */; };
		9713490A2A7BE0C4005CC3FB /* Assets.xcassets in Resources */ = {isa = PBXBuildFile; fileRef = 971349092A7BE0C4005CC3FB /* Assets.xcassets */; };
		9713490D2A7BE0C4005CC3FB /* Preview Assets.xcassets in Resources */ = {isa = PBXBuildFile; fileRef = 9713490C2A7BE0C4005CC3FB /* Preview Assets.xcassets */; };
		971349152A7BF71A005CC3FB /* Note.swift in Sources */ = {isa = PBXBuildFile; fileRef = 971349142A7BF71A005CC3FB /* Note.swift */; };
		971349192A7BFBFB005CC3FB /* EditNoteView.swift in Sources */ = {isa = PBXBuildFile; fileRef = 971349182A7BFBFB005CC3FB /* EditNoteView.swift */; };
		97E0F3082A80BD6E008D14C1 /* Folder.swift in Sources */ = {isa = PBXBuildFile; fileRef = 97E0F3072A80BD6E008D14C1 /* Folder.swift */; };
		97E0F30A2A80BE54008D14C1 /* NotesFolderView.swift in Sources */ = {isa = PBXBuildFile; fileRef = 97E0F3092A80BE54008D14C1 /* NotesFolderView.swift */; };
		97E0F30C2A80C395008D14C1 /* CreateFolderView.swift in Sources */ = {isa = PBXBuildFile; fileRef = 97E0F30B2A80C395008D14C1 /* CreateFolderView.swift */; };
/* End PBXBuildFile section */

/* Begin PBXFileReference section */
		971349002A7BE0C1005CC3FB /* Notes Demo (iOSConfSG).app */ = {isa = PBXFileReference; explicitFileType = wrapper.application; includeInIndex = 0; path = "Notes Demo (iOSConfSG).app"; sourceTree = BUILT_PRODUCTS_DIR; };
		971349032A7BE0C1005CC3FB /* Notes_Demo__iOSConfSG_App.swift */ = {isa = PBXFileReference; lastKnownFileType = sourcecode.swift; path = Notes_Demo__iOSConfSG_App.swift; sourceTree = "<group>"; };
		971349052A7BE0C1005CC3FB /* ContentView.swift */ = {isa = PBXFileReference; lastKnownFileType = sourcecode.swift; path = ContentView.swift; sourceTree = "<group>"; };
		971349092A7BE0C4005CC3FB /* Assets.xcassets */ = {isa = PBXFileReference; lastKnownFileType = folder.assetcatalog; path = Assets.xcassets; sourceTree = "<group>"; };
		9713490C2A7BE0C4005CC3FB /* Preview Assets.xcassets */ = {isa = PBXFileReference; lastKnownFileType = folder.assetcatalog; path = "Preview Assets.xcassets"; sourceTree = "<group>"; };
		971349142A7BF71A005CC3FB /* Note.swift */ = {isa = PBXFileReference; lastKnownFileType = sourcecode.swift; path = Note.swift; sourceTree = "<group>"; };
		971349182A7BFBFB005CC3FB /* EditNoteView.swift */ = {isa = PBXFileReference; lastKnownFileType = sourcecode.swift; path = EditNoteView.swift; sourceTree = "<group>"; };
		97E0F3072A80BD6E008D14C1 /* Folder.swift */ = {isa = PBXFileReference; lastKnownFileType = sourcecode.swift; path = Folder.swift; sourceTree = "<group>"; };
		97E0F3092A80BE54008D14C1 /* NotesFolderView.swift */ = {isa = PBXFileReference; lastKnownFileType = sourcecode.swift; path = NotesFolderView.swift; sourceTree = "<group>"; };
		97E0F30B2A80C395008D14C1 /* CreateFolderView.swift */ = {isa = PBXFileReference; lastKnownFileType = sourcecode.swift; path = CreateFolderView.swift; sourceTree = "<group>"; };
/* End PBXFileReference section */

/* Begin PBXFrameworksBuildPhase section */
		971348FD2A7BE0C1005CC3FB /* Frameworks */ = {
			isa = PBXFrameworksBuildPhase;
			buildActionMask = 2147483647;
			files = (
			);
			runOnlyForDeploymentPostprocessing = 0;
		};
/* End PBXFrameworksBuildPhase section */

/* Begin PBXGroup section */
		971348F72A7BE0C1005CC3FB = {
			isa = PBXGroup;
			children = (
				971349022A7BE0C1005CC3FB /* Notes Demo (iOSConfSG) */,
				971349012A7BE0C1005CC3FB /* Products */,
			);
			sourceTree = "<group>";
		};
		971349012A7BE0C1005CC3FB /* Products */ = {
			isa = PBXGroup;
			children = (
				971349002A7BE0C1005CC3FB /* Notes Demo (iOSConfSG).app */,
			);
			name = Products;
			sourceTree = "<group>";
		};
		971349022A7BE0C1005CC3FB /* Notes Demo (iOSConfSG) */ = {
			isa = PBXGroup;
			children = (
				971349132A7BF707005CC3FB /* Models */,
				971349032A7BE0C1005CC3FB /* Notes_Demo__iOSConfSG_App.swift */,
				971349052A7BE0C1005CC3FB /* ContentView.swift */,
				971349092A7BE0C4005CC3FB /* Assets.xcassets */,
				9713490B2A7BE0C4005CC3FB /* Preview Content */,
				971349182A7BFBFB005CC3FB /* EditNoteView.swift */,
				97E0F3092A80BE54008D14C1 /* NotesFolderView.swift */,
				97E0F30B2A80C395008D14C1 /* CreateFolderView.swift */,
			);
			path = "Notes Demo (iOSConfSG)";
			sourceTree = "<group>";
		};
		9713490B2A7BE0C4005CC3FB /* Preview Content */ = {
			isa = PBXGroup;
			children = (
				9713490C2A7BE0C4005CC3FB /* Preview Assets.xcassets */,
			);
			path = "Preview Content";
			sourceTree = "<group>";
		};
		971349132A7BF707005CC3FB /* Models */ = {
			isa = PBXGroup;
			children = (
				971349142A7BF71A005CC3FB /* Note.swift */,
				97E0F3072A80BD6E008D14C1 /* Folder.swift */,
			);
			path = Models;
			sourceTree = "<group>";
		};
/* End PBXGroup section */

/* Begin PBXNativeTarget section */
		971348FF2A7BE0C1005CC3FB /* Notes Demo (iOSConfSG) */ = {
			isa = PBXNativeTarget;
			buildConfigurationList = 971349102A7BE0C4005CC3FB /* Build configuration list for PBXNativeTarget "Notes Demo (iOSConfSG)" */;
			buildPhases = (
				971348FC2A7BE0C1005CC3FB /* Sources */,
				971348FD2A7BE0C1005CC3FB /* Frameworks */,
				971348FE2A7BE0C1005CC3FB /* Resources */,
			);
			buildRules = (
			);
			dependencies = (
			);
			name = "Notes Demo (iOSConfSG)";
			productName = "Notes Demo (iOSConfSG)";
			productReference = 971349002A7BE0C1005CC3FB /* Notes Demo (iOSConfSG).app */;
			productType = "com.apple.product-type.application";
		};
/* End PBXNativeTarget section */

/* Begin PBXProject section */
		971348F82A7BE0C1005CC3FB /* Project object */ = {
			isa = PBXProject;
			attributes = {
				BuildIndependentTargetsInParallel = 1;
				LastSwiftUpdateCheck = 1500;
				LastUpgradeCheck = 1500;
				TargetAttributes = {
					971348FF2A7BE0C1005CC3FB = {
						CreatedOnToolsVersion = 15.0;
					};
				};
			};
			buildConfigurationList = 971348FB2A7BE0C1005CC3FB /* Build configuration list for PBXProject "Notes Demo (iOSConfSG)" */;
			compatibilityVersion = "Xcode 14.0";
			developmentRegion = en;
			hasScannedForEncodings = 0;
			knownRegions = (
				en,
				Base,
			);
			mainGroup = 971348F72A7BE0C1005CC3FB;
			productRefGroup = 971349012A7BE0C1005CC3FB /* Products */;
			projectDirPath = "";
			projectRoot = "";
			targets = (
				971348FF2A7BE0C1005CC3FB /* Notes Demo (iOSConfSG) */,
			);
		};
/* End PBXProject section */

/* Begin PBXResourcesBuildPhase section */
		971348FE2A7BE0C1005CC3FB /* Resources */ = {
			isa = PBXResourcesBuildPhase;
			buildActionMask = 2147483647;
			files = (
				9713490D2A7BE0C4005CC3FB /* Preview Assets.xcassets in Resources */,
				9713490A2A7BE0C4005CC3FB /* Assets.xcassets in Resources */,
			);
			runOnlyForDeploymentPostprocessing = 0;
		};
/* End PBXResourcesBuildPhase section */

/* Begin PBXSourcesBuildPhase section */
		971348FC2A7BE0C1005CC3FB /* Sources */ = {
			isa = PBXSourcesBuildPhase;
			buildActionMask = 2147483647;
			files = (
				97E0F30A2A80BE54008D14C1 /* NotesFolderView.swift in Sources */,
				97E0F30C2A80C395008D14C1 /* CreateFolderView.swift in Sources */,
				971349192A7BFBFB005CC3FB /* EditNoteView.swift in Sources */,
				97E0F3082A80BD6E008D14C1 /* Folder.swift in Sources */,
				971349062A7BE0C1005CC3FB /* ContentView.swift in Sources */,
				971349042A7BE0C1005CC3FB /* Notes_Demo__iOSConfSG_App.swift in Sources */,
				971349152A7BF71A005CC3FB /* Note.swift in Sources */,
			);
			runOnlyForDeploymentPostprocessing = 0;
		};
/* End PBXSourcesBuildPhase section */

/* Begin XCBuildConfiguration section */
		9713490E2A7BE0C4005CC3FB /* Debug */ = {
			isa = XCBuildConfiguration;
			buildSettings = {
				ALWAYS_SEARCH_USER_PATHS = NO;
				ASSETCATALOG_COMPILER_GENERATE_SWIFT_ASSET_SYMBOL_EXTENSIONS = YES;
				CLANG_ANALYZER_NONNULL = YES;
				CLANG_ANALYZER_NUMBER_OBJECT_CONVERSION = YES_AGGRESSIVE;
				CLANG_CXX_LANGUAGE_STANDARD = "gnu++20";
				CLANG_ENABLE_MODULES = YES;
				CLANG_ENABLE_OBJC_ARC = YES;
				CLANG_ENABLE_OBJC_WEAK = YES;
				CLANG_WARN_BLOCK_CAPTURE_AUTORELEASING = YES;
				CLANG_WARN_BOOL_CONVERSION = YES;
				CLANG_WARN_COMMA = YES;
				CLANG_WARN_CONSTANT_CONVERSION = YES;
				CLANG_WARN_DEPRECATED_OBJC_IMPLEMENTATIONS = YES;
				CLANG_WARN_DIRECT_OBJC_ISA_USAGE = YES_ERROR;
				CLANG_WARN_DOCUMENTATION_COMMENTS = YES;
				CLANG_WARN_EMPTY_BODY = YES;
				CLANG_WARN_ENUM_CONVERSION = YES;
				CLANG_WARN_INFINITE_RECURSION = YES;
				CLANG_WARN_INT_CONVERSION = YES;
				CLANG_WARN_NON_LITERAL_NULL_CONVERSION = YES;
				CLANG_WARN_OBJC_IMPLICIT_RETAIN_SELF = YES;
				CLANG_WARN_OBJC_LITERAL_CONVERSION = YES;
				CLANG_WARN_OBJC_ROOT_CLASS = YES_ERROR;
				CLANG_WARN_QUOTED_INCLUDE_IN_FRAMEWORK_HEADER = YES;
				CLANG_WARN_RANGE_LOOP_ANALYSIS = YES;
				CLANG_WARN_STRICT_PROTOTYPES = YES;
				CLANG_WARN_SUSPICIOUS_MOVE = YES;
				CLANG_WARN_UNGUARDED_AVAILABILITY = YES_AGGRESSIVE;
				CLANG_WARN_UNREACHABLE_CODE = YES;
				CLANG_WARN__DUPLICATE_METHOD_MATCH = YES;
				COPY_PHASE_STRIP = NO;
				DEBUG_INFORMATION_FORMAT = dwarf;
				ENABLE_STRICT_OBJC_MSGSEND = YES;
				ENABLE_TESTABILITY = YES;
				ENABLE_USER_SCRIPT_SANDBOXING = YES;
				GCC_C_LANGUAGE_STANDARD = gnu17;
				GCC_DYNAMIC_NO_PIC = NO;
				GCC_NO_COMMON_BLOCKS = YES;
				GCC_OPTIMIZATION_LEVEL = 0;
				GCC_PREPROCESSOR_DEFINITIONS = (
					"DEBUG=1",
					"$(inherited)",
				);
				GCC_WARN_64_TO_32_BIT_CONVERSION = YES;
				GCC_WARN_ABOUT_RETURN_TYPE = YES_ERROR;
				GCC_WARN_UNDECLARED_SELECTOR = YES;
				GCC_WARN_UNINITIALIZED_AUTOS = YES_AGGRESSIVE;
				GCC_WARN_UNUSED_FUNCTION = YES;
				GCC_WARN_UNUSED_VARIABLE = YES;
				IPHONEOS_DEPLOYMENT_TARGET = 17.0;
				LOCALIZATION_PREFERS_STRING_CATALOGS = YES;
				MTL_ENABLE_DEBUG_INFO = INCLUDE_SOURCE;
				MTL_FAST_MATH = YES;
				ONLY_ACTIVE_ARCH = YES;
				SDKROOT = iphoneos;
				SWIFT_ACTIVE_COMPILATION_CONDITIONS = "DEBUG $(inherited)";
				SWIFT_OPTIMIZATION_LEVEL = "-Onone";
			};
			name = Debug;
		};
		9713490F2A7BE0C4005CC3FB /* Release */ = {
			isa = XCBuildConfiguration;
			buildSettings = {
				ALWAYS_SEARCH_USER_PATHS = NO;
				ASSETCATALOG_COMPILER_GENERATE_SWIFT_ASSET_SYMBOL_EXTENSIONS = YES;
				CLANG_ANALYZER_NONNULL = YES;
				CLANG_ANALYZER_NUMBER_OBJECT_CONVERSION = YES_AGGRESSIVE;
				CLANG_CXX_LANGUAGE_STANDARD = "gnu++20";
				CLANG_ENABLE_MODULES = YES;
				CLANG_ENABLE_OBJC_ARC = YES;
				CLANG_ENABLE_OBJC_WEAK = YES;
				CLANG_WARN_BLOCK_CAPTURE_AUTORELEASING = YES;
				CLANG_WARN_BOOL_CONVERSION = YES;
				CLANG_WARN_COMMA = YES;
				CLANG_WARN_CONSTANT_CONVERSION = YES;
				CLANG_WARN_DEPRECATED_OBJC_IMPLEMENTATIONS = YES;
				CLANG_WARN_DIRECT_OBJC_ISA_USAGE = YES_ERROR;
				CLANG_WARN_DOCUMENTATION_COMMENTS = YES;
				CLANG_WARN_EMPTY_BODY = YES;
				CLANG_WARN_ENUM_CONVERSION = YES;
				CLANG_WARN_INFINITE_RECURSION = YES;
				CLANG_WARN_INT_CONVERSION = YES;
				CLANG_WARN_NON_LITERAL_NULL_CONVERSION = YES;
				CLANG_WARN_OBJC_IMPLICIT_RETAIN_SELF = YES;
				CLANG_WARN_OBJC_LITERAL_CONVERSION = YES;
				CLANG_WARN_OBJC_ROOT_CLASS = YES_ERROR;
				CLANG_WARN_QUOTED_INCLUDE_IN_FRAMEWORK_HEADER = YES;
				CLANG_WARN_RANGE_LOOP_ANALYSIS = YES;
				CLANG_WARN_STRICT_PROTOTYPES = YES;
				CLANG_WARN_SUSPICIOUS_MOVE = YES;
				CLANG_WARN_UNGUARDED_AVAILABILITY = YES_AGGRESSIVE;
				CLANG_WARN_UNREACHABLE_CODE = YES;
				CLANG_WARN__DUPLICATE_METHOD_MATCH = YES;
				COPY_PHASE_STRIP = NO;
				DEBUG_INFORMATION_FORMAT = "dwarf-with-dsym";
				ENABLE_NS_ASSERTIONS = NO;
				ENABLE_STRICT_OBJC_MSGSEND = YES;
				ENABLE_USER_SCRIPT_SANDBOXING = YES;
				GCC_C_LANGUAGE_STANDARD = gnu17;
				GCC_NO_COMMON_BLOCKS = YES;
				GCC_WARN_64_TO_32_BIT_CONVERSION = YES;
				GCC_WARN_ABOUT_RETURN_TYPE = YES_ERROR;
				GCC_WARN_UNDECLARED_SELECTOR = YES;
				GCC_WARN_UNINITIALIZED_AUTOS = YES_AGGRESSIVE;
				GCC_WARN_UNUSED_FUNCTION = YES;
				GCC_WARN_UNUSED_VARIABLE = YES;
				IPHONEOS_DEPLOYMENT_TARGET = 17.0;
				LOCALIZATION_PREFERS_STRING_CATALOGS = YES;
				MTL_ENABLE_DEBUG_INFO = NO;
				MTL_FAST_MATH = YES;
				SDKROOT = iphoneos;
				SWIFT_COMPILATION_MODE = wholemodule;
				VALIDATE_PRODUCT = YES;
			};
			name = Release;
		};
		971349112A7BE0C4005CC3FB /* Debug */ = {
			isa = XCBuildConfiguration;
			buildSettings = {
				ASSETCATALOG_COMPILER_APPICON_NAME = AppIcon;
				ASSETCATALOG_COMPILER_GLOBAL_ACCENT_COLOR_NAME = AccentColor;
				CODE_SIGN_STYLE = Automatic;
				CURRENT_PROJECT_VERSION = 1;
				DEVELOPMENT_ASSET_PATHS = "\"Notes Demo (iOSConfSG)/Preview Content\"";
				DEVELOPMENT_TEAM = Z7X6647APW;
				ENABLE_PREVIEWS = YES;
				GENERATE_INFOPLIST_FILE = YES;
				INFOPLIST_KEY_UIApplicationSceneManifest_Generation = YES;
				INFOPLIST_KEY_UIApplicationSupportsIndirectInputEvents = YES;
				INFOPLIST_KEY_UILaunchScreen_Generation = YES;
				INFOPLIST_KEY_UISupportedInterfaceOrientations_iPad = "UIInterfaceOrientationPortrait UIInterfaceOrientationPortraitUpsideDown UIInterfaceOrientationLandscapeLeft UIInterfaceOrientationLandscapeRight";
				INFOPLIST_KEY_UISupportedInterfaceOrientations_iPhone = "UIInterfaceOrientationPortrait UIInterfaceOrientationLandscapeLeft UIInterfaceOrientationLandscapeRight";
				LD_RUNPATH_SEARCH_PATHS = (
					"$(inherited)",
					"@executable_path/Frameworks",
				);
				MARKETING_VERSION = 1.0;
				PRODUCT_BUNDLE_IDENTIFIER = "donchia.Notes-Demo--iOSConfSG-";
				PRODUCT_NAME = "$(TARGET_NAME)";
				SWIFT_EMIT_LOC_STRINGS = YES;
				SWIFT_VERSION = 5.0;
				TARGETED_DEVICE_FAMILY = "1,2";
			};
			name = Debug;
		};
		971349122A7BE0C4005CC3FB /* Release */ = {
			isa = XCBuildConfiguration;
			buildSettings = {
				ASSETCATALOG_COMPILER_APPICON_NAME = AppIcon;
				ASSETCATALOG_COMPILER_GLOBAL_ACCENT_COLOR_NAME = AccentColor;
				CODE_SIGN_STYLE = Automatic;
				CURRENT_PROJECT_VERSION = 1;
				DEVELOPMENT_ASSET_PATHS = "\"Notes Demo (iOSConfSG)/Preview Content\"";
				DEVELOPMENT_TEAM = Z7X6647APW;
				ENABLE_PREVIEWS = YES;
				GENERATE_INFOPLIST_FILE = YES;
				INFOPLIST_KEY_UIApplicationSceneManifest_Generation = YES;
				INFOPLIST_KEY_UIApplicationSupportsIndirectInputEvents = YES;
				INFOPLIST_KEY_UILaunchScreen_Generation = YES;
				INFOPLIST_KEY_UISupportedInterfaceOrientations_iPad = "UIInterfaceOrientationPortrait UIInterfaceOrientationPortraitUpsideDown UIInterfaceOrientationLandscapeLeft UIInterfaceOrientationLandscapeRight";
				INFOPLIST_KEY_UISupportedInterfaceOrientations_iPhone = "UIInterfaceOrientationPortrait UIInterfaceOrientationLandscapeLeft UIInterfaceOrientationLandscapeRight";
				LD_RUNPATH_SEARCH_PATHS = (
					"$(inherited)",
					"@executable_path/Frameworks",
				);
				MARKETING_VERSION = 1.0;
				PRODUCT_BUNDLE_IDENTIFIER = "donchia.Notes-Demo--iOSConfSG-";
				PRODUCT_NAME = "$(TARGET_NAME)";
				SWIFT_EMIT_LOC_STRINGS = YES;
				SWIFT_VERSION = 5.0;
				TARGETED_DEVICE_FAMILY = "1,2";
			};
			name = Release;
		};
/* End XCBuildConfiguration section */

/* Begin XCConfigurationList section */
		971348FB2A7BE0C1005CC3FB /* Build configuration list for PBXProject "Notes Demo (iOSConfSG)" */ = {
			isa = XCConfigurationList;
			buildConfigurations = (
				9713490E2A7BE0C4005CC3FB /* Debug */,
				9713490F2A7BE0C4005CC3FB /* Release */,
			);
			defaultConfigurationIsVisible = 0;
			defaultConfigurationName = Release;
		};
		971349102A7BE0C4005CC3FB /* Build configuration list for PBXNativeTarget "Notes Demo (iOSConfSG)" */ = {
			isa = XCConfigurationList;
			buildConfigurations = (
				971349112A7BE0C4005CC3FB /* Debug */,
				971349122A7BE0C4005CC3FB /* Release */,
			);
			defaultConfigurationIsVisible = 0;
			defaultConfigurationName = Release;
		};
/* End XCConfigurationList section */
	};
	rootObject = 971348F82A7BE0C1005CC3FB /* Project object */;
}
